
Microsoft Visual Studio Solution File, Format Version 12.00
# Visual Studio Version 17
VisualStudioVersion = 17.3.32929.385
MinimumVisualStudioVersion = 10.0.40219.1
Project("{FAE04EC0-301F-11D3-BF4B-00C04F79EFBC}") = "NoteXML_HM84", "NoteXML_HM84\NoteXML_HM84.csproj", "{76115C28-46DB-4010-BA1E-49A375DF3AFC}"
EndProject
Global
	GlobalSection(SolutionConfigurationPlatforms) = preSolution
		Debug|Any CPU = Debug|Any CPU
		Release|Any CPU = Release|Any CPU
	EndGlobalSection
	GlobalSection(ProjectConfigurationPlatforms) = postSolution
		{76115C28-46DB-4010-BA1E-49A375DF3AFC}.Debug|Any CPU.ActiveCfg = Debug|Any CPU
		{76115C28-46DB-4010-BA1E-49A375DF3AFC}.Debug|Any CPU.Build.0 = Debug|Any CPU
		{76115C28-46DB-4010-BA1E-49A375DF3AFC}.Release|Any CPU.ActiveCfg = Release|Any CPU
		{76115C28-46DB-4010-BA1E-49A375DF3AFC}.Release|Any CPU.Build.0 = Release|Any CPU
	EndGlobalSection
	GlobalSection(SolutionProperties) = preSolution
		HideSolutionNode = FALSE
	EndGlobalSection
	GlobalSection(ExtensibilityGlobals) = postSolution
		SolutionGuid = {59E95197-6415-4FC7-B2B2-AFEAA507B952}
	EndGlobalSection
EndGlobal
